{
    "_readme": [
        "This file locks the dependencies of your project to a known state",
        "Read more about it at https://getcomposer.org/doc/01-basic-usage.md#composer-lock-the-lock-file",
        "This file is @generated automatically"
    ],
    "content-hash": "177dccfd658c4d2c3e5033646f7e9878",
    "packages": [],
    "packages-dev": [
        {
            "name": "deployer/recipes",
            "version": "6.2.2",
            "source": {
                "type": "git",
                "url": "https://github.com/deployphp/recipes.git",
                "reference": "84b3229c518c094a950e1fe785b7b8f9598770fe"
            },
            "dist": {
                "type": "zip",
                "url": "https://api.github.com/repos/deployphp/recipes/zipball/84b3229c518c094a950e1fe785b7b8f9598770fe",
                "reference": "84b3229c518c094a950e1fe785b7b8f9598770fe",
                "shasum": ""
            },
            "require": {
                "php": "~7.0"
            },
            "replace": {
                "deployer/recipes": "self.version"
            },
            "require-dev": {
                "deployer/deployer": "^6.3"
            },
            "type": "library",
            "autoload": {
                "files": [
                    "autoload.php"
                ]
            },
            "notification-url": "https://packagist.org/downloads/",
            "license": [
                "MIT"
            ],
            "authors": [
                {
                    "name": "Anton Medvedev",
                    "email": "anton@medv.io"
                }
            ],
            "description": "3rd party deployer recipes",
            "homepage": "https://github.com/deployphp/recipes",
            "keywords": [
                "cachetool",
                "cloudflare",
                "deploy",
                "deployer",
                "deployment",
                "hipchat",
                "newrelic",
                "rabbit",
                "recipes",
                "sentry",
                "slack",
                "yarn"
            ],
            "time": "2019-06-27T06:47:18+00:00"
        }
    ],
    "aliases": [],
    "minimum-stability": "stable",
    "stability-flags": [],
    "prefer-stable": false,
    "prefer-lowest": false,
    "platform": [],
    "platform-dev": []
}
